
Microsoft Visual Studio Solution File, Format Version 12.00
# Visual Studio Version 17
VisualStudioVersion = 17.5.33516.290
MinimumVisualStudioVersion = 10.0.40219.1
Project("{FAE04EC0-301F-11D3-BF4B-00C04F79EFBC}") = "RealEstate_Dapper_Api", "RealEstate_Dapper_Api\RealEstate_Dapper_Api.csproj", "{DF8B6785-96CD-4EA5-B637-5C7062C1C06F}"
EndProject
Project("{FAE04EC0-301F-11D3-BF4B-00C04F79EFBC}") = "RealEstate_Dapper_UI", "RealEstate_Dapper_UI\RealEstate_Dapper_UI.csproj", "{CDA092A6-7448-4737-9C39-7DAA725C209C}"
EndProject
Global
	GlobalSection(SolutionConfigurationPlatforms) = preSolution
		Debug|Any CPU = Debug|Any CPU
		Release|Any CPU = Release|Any CPU
	EndGlobalSection
	GlobalSection(ProjectConfigurationPlatforms) = postSolution
		{DF8B6785-96CD-4EA5-B637-5C7062C1C06F}.Debug|Any CPU.ActiveCfg = Debug|Any CPU
		{DF8B6785-96CD-4EA5-B637-5C7062C1C06F}.Debug|Any CPU.Build.0 = Debug|Any CPU
		{DF8B6785-96CD-4EA5-B637-5C7062C1C06F}.Release|Any CPU.ActiveCfg = Release|Any CPU
		{DF8B6785-96CD-4EA5-B637-5C7062C1C06F}.Release|Any CPU.Build.0 = Release|Any CPU
		{CDA092A6-7448-4737-9C39-7DAA725C209C}.Debug|Any CPU.ActiveCfg = Debug|Any CPU
		{CDA092A6-7448-4737-9C39-7DAA725C209C}.Debug|Any CPU.Build.0 = Debug|Any CPU
		{CDA092A6-7448-4737-9C39-7DAA725C209C}.Release|Any CPU.ActiveCfg = Release|Any CPU
		{CDA092A6-7448-4737-9C39-7DAA725C209C}.Release|Any CPU.Build.0 = Release|Any CPU
	EndGlobalSection
	GlobalSection(SolutionProperties) = preSolution
		HideSolutionNode = FALSE
	EndGlobalSection
	GlobalSection(ExtensibilityGlobals) = postSolution
		SolutionGuid = {DBD0215B-FC7C-4599-AFB8-2DC4D80357BF}
	EndGlobalSection
EndGlobal
